
Microsoft Visual Studio Solution File, Format Version 12.00
# Visual Studio Version 17
VisualStudioVersion = 17.0.32112.339
MinimumVisualStudioVersion = 10.0.40219.1
Project("{FAE04EC0-301F-11D3-BF4B-00C04F79EFBC}") = "Sham!", "Sham!\Sham!.csproj", "{0C63FB5F-0E05-481B-A49F-9C3719BC9618}"
EndProject
Project("{2150E333-8FDC-42A3-9474-1A3956D46DE8}") = "Solution Items", "Solution Items", "{444A1FAF-3C57-49A3-9AE5-789007FB008A}"
	ProjectSection(SolutionItems) = preProject
		.editorconfig = .editorconfig
	EndProjectSection
EndProject
Project("{FAE04EC0-301F-11D3-BF4B-00C04F79EFBC}") = "Trifecta", "Trifecta\Trifecta.csproj", "{6FEA9F69-F567-417D-B275-E0DB80A7175C}"
EndProject
Global
	GlobalSection(SolutionConfigurationPlatforms) = preSolution
		Debug|Any CPU = Debug|Any CPU
		Release|Any CPU = Release|Any CPU
	EndGlobalSection
	GlobalSection(ProjectConfigurationPlatforms) = postSolution
		{0C63FB5F-0E05-481B-A49F-9C3719BC9618}.Debug|Any CPU.ActiveCfg = Debug|Any CPU
		{0C63FB5F-0E05-481B-A49F-9C3719BC9618}.Debug|Any CPU.Build.0 = Debug|Any CPU
		{0C63FB5F-0E05-481B-A49F-9C3719BC9618}.Release|Any CPU.ActiveCfg = Release|Any CPU
		{0C63FB5F-0E05-481B-A49F-9C3719BC9618}.Release|Any CPU.Build.0 = Release|Any CPU
		{6FEA9F69-F567-417D-B275-E0DB80A7175C}.Debug|Any CPU.ActiveCfg = Debug|Any CPU
		{6FEA9F69-F567-417D-B275-E0DB80A7175C}.Debug|Any CPU.Build.0 = Debug|Any CPU
		{6FEA9F69-F567-417D-B275-E0DB80A7175C}.Release|Any CPU.ActiveCfg = Release|Any CPU
		{6FEA9F69-F567-417D-B275-E0DB80A7175C}.Release|Any CPU.Build.0 = Release|Any CPU
	EndGlobalSection
	GlobalSection(SolutionProperties) = preSolution
		HideSolutionNode = FALSE
	EndGlobalSection
	GlobalSection(ExtensibilityGlobals) = postSolution
		SolutionGuid = {F3EEE6CA-FF22-4353-909F-07F678941BFD}
	EndGlobalSection
EndGlobal
